// !$*UTF8*$!
{
	archiveVersion = 1;
	classes = {
	};
	objectVersion = 55;
	objects = {

/* Begin PBXBuildFile section */
		A1D8CAC328811EEF005CCE0E /* (null) in Resources */ = {isa = PBXBuildFile; };
		A1E3DDB52880F506008D7060 /* (null) in Sources */ = {isa = PBXBuildFile; };
		A1E3DDB72880F5D6008D7060 /* (null) in Sources */ = {isa = PBXBuildFile; };
		AAF42DF835FA27BAEC58ABD8 /* Pods_Game_Walker.framework in Frameworks */ = {isa = PBXBuildFile; fileRef = 37CA2311D7F85B13DD91EAF1 /* Pods_Game_Walker.framework */; };
		DA13EB89285806DD00368CF8 /* Host.swift in Sources */ = {isa = PBXBuildFile; fileRef = DA13EB88285806DD00368CF8 /* Host.swift */; };
		DA13EB8B2858086A00368CF8 /* GoogleService-Info.plist in Resources */ = {isa = PBXBuildFile; fileRef = DA13EB8A2858086A00368CF8 /* GoogleService-Info.plist */; };
		DA28D790284FF9CE00EA1B94 /* AppDelegate.swift in Sources */ = {isa = PBXBuildFile; fileRef = DA28D78F284FF9CE00EA1B94 /* AppDelegate.swift */; };
		DA28D792284FF9CE00EA1B94 /* SceneDelegate.swift in Sources */ = {isa = PBXBuildFile; fileRef = DA28D791284FF9CE00EA1B94 /* SceneDelegate.swift */; };
		DA28D799284FF9D300EA1B94 /* Assets.xcassets in Resources */ = {isa = PBXBuildFile; fileRef = DA28D798284FF9D300EA1B94 /* Assets.xcassets */; };
		DA96397028A33CDA00853F05 /* Host_Modified.swift in Sources */ = {isa = PBXBuildFile; fileRef = DA96396F28A33CDA00853F05 /* Host_Modified.swift */; };
		DA9662C1285AA39200B66629 /* Constants.swift in Sources */ = {isa = PBXBuildFile; fileRef = DA9662C0285AA39200B66629 /* Constants.swift */; };
		DA9662C3285AFA4700B66629 /* Protocols.swift in Sources */ = {isa = PBXBuildFile; fileRef = DA9662C2285AFA4700B66629 /* Protocols.swift */; };
		DABC1E85288BA9CB00C75DC7 /* Player.storyboard in Resources */ = {isa = PBXBuildFile; fileRef = DABC1E7F288BA9CA00C75DC7 /* Player.storyboard */; };
		DABC1E86288BA9CB00C75DC7 /* Storyboard.storyboard in Resources */ = {isa = PBXBuildFile; fileRef = DABC1E80288BA9CA00C75DC7 /* Storyboard.storyboard */; };
		DABC1E87288BA9CB00C75DC7 /* Referee.storyboard in Resources */ = {isa = PBXBuildFile; fileRef = DABC1E81288BA9CA00C75DC7 /* Referee.storyboard */; };
		DABC1E88288BA9CB00C75DC7 /* Host.storyboard in Resources */ = {isa = PBXBuildFile; fileRef = DABC1E82288BA9CA00C75DC7 /* Host.storyboard */; };
		DABC1E89288BA9CB00C75DC7 /* LaunchScreen.storyboard in Resources */ = {isa = PBXBuildFile; fileRef = DABC1E83288BA9CB00C75DC7 /* LaunchScreen.storyboard */; };
		DABC1E8A288BA9CB00C75DC7 /* Main.storyboard in Resources */ = {isa = PBXBuildFile; fileRef = DABC1E84288BA9CB00C75DC7 /* Main.storyboard */; };
		DABC1E8E288BAA8B00C75DC7 /* BaseViewController.swift in Sources */ = {isa = PBXBuildFile; fileRef = DABC1E8B288BAA8B00C75DC7 /* BaseViewController.swift */; };
		DABC1E8F288BAA8B00C75DC7 /* MainViewController.swift in Sources */ = {isa = PBXBuildFile; fileRef = DABC1E8C288BAA8B00C75DC7 /* MainViewController.swift */; };
		DABC1E90288BAA8B00C75DC7 /* UIViewController+Keyboard.swift in Sources */ = {isa = PBXBuildFile; fileRef = DABC1E8D288BAA8B00C75DC7 /* UIViewController+Keyboard.swift */; };
		DABC1EC7288BAAC800C75DC7 /* TeamViewController.swift in Sources */ = {isa = PBXBuildFile; fileRef = DABC1EAC288BAAC800C75DC7 /* TeamViewController.swift */; };
		DABC1EC8288BAAC800C75DC7 /* RankingViewController.swift in Sources */ = {isa = PBXBuildFile; fileRef = DABC1EAD288BAAC800C75DC7 /* RankingViewController.swift */; };
		DABC1EC9288BAAC800C75DC7 /* TeamIconCollectionViewCell.swift in Sources */ = {isa = PBXBuildFile; fileRef = DABC1EAE288BAAC800C75DC7 /* TeamIconCollectionViewCell.swift */; };
		DABC1ECA288BAAC800C75DC7 /* PlayerTabBarController.swift in Sources */ = {isa = PBXBuildFile; fileRef = DABC1EAF288BAAC800C75DC7 /* PlayerTabBarController.swift */; };
		DABC1ECB288BAAC800C75DC7 /* JoinTeamViewController.swift in Sources */ = {isa = PBXBuildFile; fileRef = DABC1EB0288BAAC800C75DC7 /* JoinTeamViewController.swift */; };
		DABC1ECC288BAAC800C75DC7 /* CreateOrJoinTeamViewController.swift in Sources */ = {isa = PBXBuildFile; fileRef = DABC1EB1288BAAC800C75DC7 /* CreateOrJoinTeamViewController.swift */; };
		DABC1ECD288BAAC800C75DC7 /* JoinGameViewController.swift in Sources */ = {isa = PBXBuildFile; fileRef = DABC1EB2288BAAC800C75DC7 /* JoinGameViewController.swift */; };
		DABC1ECE288BAAC800C75DC7 /* CreateTeamViewController.swift in Sources */ = {isa = PBXBuildFile; fileRef = DABC1EB3288BAAC800C75DC7 /* CreateTeamViewController.swift */; };
		DABC1ECF288BAAC800C75DC7 /* TimerViewController.swift in Sources */ = {isa = PBXBuildFile; fileRef = DABC1EB4288BAAC800C75DC7 /* TimerViewController.swift */; };
		DABC1EEB288F3DC400C75DC7 /* Player_Database.swift in Sources */ = {isa = PBXBuildFile; fileRef = DABC1EEA288F3DC400C75DC7 /* Player_Database.swift */; };
		DABC1EED2890CEDB00C75DC7 /* Referee_Database.swift in Sources */ = {isa = PBXBuildFile; fileRef = DABC1EEC2890CEDB00C75DC7 /* Referee_Database.swift */; };
		DABC1EEF28911F8100C75DC7 /* Team_Database.swift in Sources */ = {isa = PBXBuildFile; fileRef = DABC1EEE28911F8100C75DC7 /* Team_Database.swift */; };
		DABC1EF128911FA900C75DC7 /* Station_Database.swift in Sources */ = {isa = PBXBuildFile; fileRef = DABC1EF028911FA900C75DC7 /* Station_Database.swift */; };
		DAC313272858619900BECF89 /* Player.swift in Sources */ = {isa = PBXBuildFile; fileRef = DAC313262858619900BECF89 /* Player.swift */; };
		DAC31329285862EF00BECF89 /* Station.swift in Sources */ = {isa = PBXBuildFile; fileRef = DAC31328285862EF00BECF89 /* Station.swift */; };
		DAC3132B285862FB00BECF89 /* Referee.swift in Sources */ = {isa = PBXBuildFile; fileRef = DAC3132A285862FB00BECF89 /* Referee.swift */; };
		DAC3132D2858632100BECF89 /* Team.swift in Sources */ = {isa = PBXBuildFile; fileRef = DAC3132C2858632100BECF89 /* Team.swift */; };
		FC1D68F1288B97C500C529DA /* UserData.swift in Sources */ = {isa = PBXBuildFile; fileRef = FC1D68F0288B97C500C529DA /* UserData.swift */; };
/* End PBXBuildFile section */

/* Begin PBXFileReference section */
		37CA2311D7F85B13DD91EAF1 /* Pods_Game_Walker.framework */ = {isa = PBXFileReference; explicitFileType = wrapper.framework; includeInIndex = 0; path = Pods_Game_Walker.framework; sourceTree = BUILT_PRODUCTS_DIR; };
		485B23F4821014EF1734A048 /* Pods-Game_Walker.debug.xcconfig */ = {isa = PBXFileReference; includeInIndex = 1; lastKnownFileType = text.xcconfig; name = "Pods-Game_Walker.debug.xcconfig"; path = "Target Support Files/Pods-Game_Walker/Pods-Game_Walker.debug.xcconfig"; sourceTree = "<group>"; };
		DA13EB88285806DD00368CF8 /* Host.swift */ = {isa = PBXFileReference; lastKnownFileType = sourcecode.swift; name = Host.swift; path = Model/Host.swift; sourceTree = "<group>"; };
		DA13EB8A2858086A00368CF8 /* GoogleService-Info.plist */ = {isa = PBXFileReference; lastKnownFileType = text.plist; path = "GoogleService-Info.plist"; sourceTree = SOURCE_ROOT; };
		DA28D78C284FF9CE00EA1B94 /* Game_Walker.app */ = {isa = PBXFileReference; explicitFileType = wrapper.application; includeInIndex = 0; path = Game_Walker.app; sourceTree = BUILT_PRODUCTS_DIR; };
		DA28D78F284FF9CE00EA1B94 /* AppDelegate.swift */ = {isa = PBXFileReference; lastKnownFileType = sourcecode.swift; path = AppDelegate.swift; sourceTree = "<group>"; };
		DA28D791284FF9CE00EA1B94 /* SceneDelegate.swift */ = {isa = PBXFileReference; lastKnownFileType = sourcecode.swift; path = SceneDelegate.swift; sourceTree = "<group>"; };
		DA28D798284FF9D300EA1B94 /* Assets.xcassets */ = {isa = PBXFileReference; lastKnownFileType = folder.assetcatalog; path = Assets.xcassets; sourceTree = "<group>"; };
		DA28D79D284FF9D300EA1B94 /* Info.plist */ = {isa = PBXFileReference; lastKnownFileType = text.plist.xml; path = Info.plist; sourceTree = "<group>"; };
		DA96396F28A33CDA00853F05 /* Host_Modified.swift */ = {isa = PBXFileReference; lastKnownFileType = sourcecode.swift; path = Host_Modified.swift; sourceTree = "<group>"; };
		DA9662C0285AA39200B66629 /* Constants.swift */ = {isa = PBXFileReference; lastKnownFileType = sourcecode.swift; path = Constants.swift; sourceTree = "<group>"; };
		DA9662C2285AFA4700B66629 /* Protocols.swift */ = {isa = PBXFileReference; lastKnownFileType = sourcecode.swift; path = Protocols.swift; sourceTree = "<group>"; };
		DABC1E7F288BA9CA00C75DC7 /* Player.storyboard */ = {isa = PBXFileReference; fileEncoding = 4; lastKnownFileType = file.storyboard; name = Player.storyboard; path = View/Player.storyboard; sourceTree = "<group>"; };
		DABC1E80288BA9CA00C75DC7 /* Storyboard.storyboard */ = {isa = PBXFileReference; fileEncoding = 4; lastKnownFileType = file.storyboard; name = Storyboard.storyboard; path = View/Storyboard.storyboard; sourceTree = "<group>"; };
		DABC1E81288BA9CA00C75DC7 /* Referee.storyboard */ = {isa = PBXFileReference; fileEncoding = 4; lastKnownFileType = file.storyboard; name = Referee.storyboard; path = View/Referee.storyboard; sourceTree = "<group>"; };
		DABC1E82288BA9CA00C75DC7 /* Host.storyboard */ = {isa = PBXFileReference; fileEncoding = 4; lastKnownFileType = file.storyboard; name = Host.storyboard; path = View/Host.storyboard; sourceTree = "<group>"; };
		DABC1E83288BA9CB00C75DC7 /* LaunchScreen.storyboard */ = {isa = PBXFileReference; fileEncoding = 4; lastKnownFileType = file.storyboard; name = LaunchScreen.storyboard; path = View/LaunchScreen.storyboard; sourceTree = "<group>"; };
		DABC1E84288BA9CB00C75DC7 /* Main.storyboard */ = {isa = PBXFileReference; fileEncoding = 4; lastKnownFileType = file.storyboard; name = Main.storyboard; path = View/Main.storyboard; sourceTree = "<group>"; };
		DABC1E8B288BAA8B00C75DC7 /* BaseViewController.swift */ = {isa = PBXFileReference; fileEncoding = 4; lastKnownFileType = sourcecode.swift; name = BaseViewController.swift; path = Controllers/BaseViewController.swift; sourceTree = "<group>"; };
		DABC1E8C288BAA8B00C75DC7 /* MainViewController.swift */ = {isa = PBXFileReference; fileEncoding = 4; lastKnownFileType = sourcecode.swift; name = MainViewController.swift; path = Controllers/MainViewController.swift; sourceTree = "<group>"; };
		DABC1E8D288BAA8B00C75DC7 /* UIViewController+Keyboard.swift */ = {isa = PBXFileReference; fileEncoding = 4; lastKnownFileType = sourcecode.swift; name = "UIViewController+Keyboard.swift"; path = "Controllers/UIViewController+Keyboard.swift"; sourceTree = "<group>"; };
		DABC1EAC288BAAC800C75DC7 /* TeamViewController.swift */ = {isa = PBXFileReference; fileEncoding = 4; lastKnownFileType = sourcecode.swift; path = TeamViewController.swift; sourceTree = "<group>"; };
		DABC1EAD288BAAC800C75DC7 /* RankingViewController.swift */ = {isa = PBXFileReference; fileEncoding = 4; lastKnownFileType = sourcecode.swift; path = RankingViewController.swift; sourceTree = "<group>"; };
		DABC1EAE288BAAC800C75DC7 /* TeamIconCollectionViewCell.swift */ = {isa = PBXFileReference; fileEncoding = 4; lastKnownFileType = sourcecode.swift; path = TeamIconCollectionViewCell.swift; sourceTree = "<group>"; };
		DABC1EAF288BAAC800C75DC7 /* PlayerTabBarController.swift */ = {isa = PBXFileReference; fileEncoding = 4; lastKnownFileType = sourcecode.swift; path = PlayerTabBarController.swift; sourceTree = "<group>"; };
		DABC1EB0288BAAC800C75DC7 /* JoinTeamViewController.swift */ = {isa = PBXFileReference; fileEncoding = 4; lastKnownFileType = sourcecode.swift; path = JoinTeamViewController.swift; sourceTree = "<group>"; };
		DABC1EB1288BAAC800C75DC7 /* CreateOrJoinTeamViewController.swift */ = {isa = PBXFileReference; fileEncoding = 4; lastKnownFileType = sourcecode.swift; path = CreateOrJoinTeamViewController.swift; sourceTree = "<group>"; };
		DABC1EB2288BAAC800C75DC7 /* JoinGameViewController.swift */ = {isa = PBXFileReference; fileEncoding = 4; lastKnownFileType = sourcecode.swift; path = JoinGameViewController.swift; sourceTree = "<group>"; };
		DABC1EB3288BAAC800C75DC7 /* CreateTeamViewController.swift */ = {isa = PBXFileReference; fileEncoding = 4; lastKnownFileType = sourcecode.swift; path = CreateTeamViewController.swift; sourceTree = "<group>"; };
		DABC1EB4288BAAC800C75DC7 /* TimerViewController.swift */ = {isa = PBXFileReference; fileEncoding = 4; lastKnownFileType = sourcecode.swift; path = TimerViewController.swift; sourceTree = "<group>"; };
		DABC1EEA288F3DC400C75DC7 /* Player_Database.swift */ = {isa = PBXFileReference; lastKnownFileType = sourcecode.swift; path = Player_Database.swift; sourceTree = "<group>"; };
		DABC1EEC2890CEDB00C75DC7 /* Referee_Database.swift */ = {isa = PBXFileReference; lastKnownFileType = sourcecode.swift; path = Referee_Database.swift; sourceTree = "<group>"; };
		DABC1EEE28911F8100C75DC7 /* Team_Database.swift */ = {isa = PBXFileReference; lastKnownFileType = sourcecode.swift; path = Team_Database.swift; sourceTree = "<group>"; };
		DABC1EF028911FA900C75DC7 /* Station_Database.swift */ = {isa = PBXFileReference; lastKnownFileType = sourcecode.swift; path = Station_Database.swift; sourceTree = "<group>"; };
		DAC313262858619900BECF89 /* Player.swift */ = {isa = PBXFileReference; lastKnownFileType = sourcecode.swift; name = Player.swift; path = Model/Player.swift; sourceTree = "<group>"; };
		DAC31328285862EF00BECF89 /* Station.swift */ = {isa = PBXFileReference; lastKnownFileType = sourcecode.swift; name = Station.swift; path = Model/Station.swift; sourceTree = "<group>"; };
		DAC3132A285862FB00BECF89 /* Referee.swift */ = {isa = PBXFileReference; lastKnownFileType = sourcecode.swift; name = Referee.swift; path = Model/Referee.swift; sourceTree = "<group>"; };
		DAC3132C2858632100BECF89 /* Team.swift */ = {isa = PBXFileReference; lastKnownFileType = sourcecode.swift; name = Team.swift; path = Model/Team.swift; sourceTree = "<group>"; };
		E50AA65B49ED0EE8AB004841 /* Pods-Game_Walker.release.xcconfig */ = {isa = PBXFileReference; includeInIndex = 1; lastKnownFileType = text.xcconfig; name = "Pods-Game_Walker.release.xcconfig"; path = "Target Support Files/Pods-Game_Walker/Pods-Game_Walker.release.xcconfig"; sourceTree = "<group>"; };
		FC1D68F0288B97C500C529DA /* UserData.swift */ = {isa = PBXFileReference; fileEncoding = 4; lastKnownFileType = sourcecode.swift; name = UserData.swift; path = Model/UserData.swift; sourceTree = "<group>"; };
		FC5FE0CB285AA7B300446FC2 /* Dosis */ = {isa = PBXFileReference; lastKnownFileType = folder; path = Dosis; sourceTree = "<group>"; };
/* End PBXFileReference section */

/* Begin PBXFrameworksBuildPhase section */
		DA28D789284FF9CE00EA1B94 /* Frameworks */ = {
			isa = PBXFrameworksBuildPhase;
			buildActionMask = 2147483647;
			files = (
				AAF42DF835FA27BAEC58ABD8 /* Pods_Game_Walker.framework in Frameworks */,
			);
			runOnlyForDeploymentPostprocessing = 0;
		};
/* End PBXFrameworksBuildPhase section */

/* Begin PBXGroup section */
		01C5611983B3CB1DBC626A36 /* Frameworks */ = {
			isa = PBXGroup;
			children = (
				37CA2311D7F85B13DD91EAF1 /* Pods_Game_Walker.framework */,
			);
			name = Frameworks;
			sourceTree = "<group>";
		};
		4332FA625A04330489170BE4 /* Pods */ = {
			isa = PBXGroup;
			children = (
				485B23F4821014EF1734A048 /* Pods-Game_Walker.debug.xcconfig */,
				E50AA65B49ED0EE8AB004841 /* Pods-Game_Walker.release.xcconfig */,
			);
			path = Pods;
			sourceTree = "<group>";
		};
		DA28D783284FF9CE00EA1B94 = {
			isa = PBXGroup;
			children = (
				DA28D78E284FF9CE00EA1B94 /* Game_Walker */,
				DA28D78D284FF9CE00EA1B94 /* Products */,
				4332FA625A04330489170BE4 /* Pods */,
				01C5611983B3CB1DBC626A36 /* Frameworks */,
				DABC1EE9288F337F00C75DC7 /* Recovered References */,
			);
			sourceTree = "<group>";
		};
		DA28D78D284FF9CE00EA1B94 /* Products */ = {
			isa = PBXGroup;
			children = (
				DA28D78C284FF9CE00EA1B94 /* Game_Walker.app */,
			);
			name = Products;
			sourceTree = "<group>";
		};
		DA28D78E284FF9CE00EA1B94 /* Game_Walker */ = {
			isa = PBXGroup;
			children = (
				DA28D78F284FF9CE00EA1B94 /* AppDelegate.swift */,
				DA28D791284FF9CE00EA1B94 /* SceneDelegate.swift */,
				DA9662C2285AFA4700B66629 /* Protocols.swift */,
				DA9662C0285AA39200B66629 /* Constants.swift */,
				DABC1EEA288F3DC400C75DC7 /* Player_Database.swift */,
				DABC1EEC2890CEDB00C75DC7 /* Referee_Database.swift */,
				DABC1EF028911FA900C75DC7 /* Station_Database.swift */,
				DABC1EEE28911F8100C75DC7 /* Team_Database.swift */,
				DA28D798284FF9D300EA1B94 /* Assets.xcassets */,
				FC5FE0CB285AA7B300446FC2 /* Dosis */,
				DA28D79D284FF9D300EA1B94 /* Info.plist */,
				DA13EB8A2858086A00368CF8 /* GoogleService-Info.plist */,
				DA28D7A4284FFACA00EA1B94 /* Model */,
				DA28D7A6284FFC9700EA1B94 /* View */,
				DA28D7A3284FFA9A00EA1B94 /* Controllers */,
			);
			path = Game_Walker;
			sourceTree = "<group>";
		};
		DA28D7A3284FFA9A00EA1B94 /* Controllers */ = {
			isa = PBXGroup;
			children = (
				DABC1E8B288BAA8B00C75DC7 /* BaseViewController.swift */,
				DABC1E8C288BAA8B00C75DC7 /* MainViewController.swift */,
				DABC1E8D288BAA8B00C75DC7 /* UIViewController+Keyboard.swift */,
				DABC1EAB288BAAC800C75DC7 /* PlayerViewControllers */,
			);
			name = Controllers;
			sourceTree = "<group>";
		};
		DA28D7A4284FFACA00EA1B94 /* Model */ = {
			isa = PBXGroup;
			children = (
				DA13EB88285806DD00368CF8 /* Host.swift */,
				DA96396F28A33CDA00853F05 /* Host_Modified.swift */,
				DAC3132C2858632100BECF89 /* Team.swift */,
				DAC313262858619900BECF89 /* Player.swift */,
				DAC3132A285862FB00BECF89 /* Referee.swift */,
				DAC31328285862EF00BECF89 /* Station.swift */,
				FC1D68F0288B97C500C529DA /* UserData.swift */,
			);
			name = Model;
			sourceTree = "<group>";
		};
		DA28D7A6284FFC9700EA1B94 /* View */ = {
			isa = PBXGroup;
			children = (
				DABC1E82288BA9CA00C75DC7 /* Host.storyboard */,
				DABC1E83288BA9CB00C75DC7 /* LaunchScreen.storyboard */,
				DABC1E84288BA9CB00C75DC7 /* Main.storyboard */,
				DABC1E7F288BA9CA00C75DC7 /* Player.storyboard */,
				DABC1E81288BA9CA00C75DC7 /* Referee.storyboard */,
				DABC1E80288BA9CA00C75DC7 /* Storyboard.storyboard */,
			);
			name = View;
			sourceTree = "<group>";
		};
		DABC1EAB288BAAC800C75DC7 /* PlayerViewControllers */ = {
			isa = PBXGroup;
			children = (
				DABC1EAC288BAAC800C75DC7 /* TeamViewController.swift */,
				DABC1EAD288BAAC800C75DC7 /* RankingViewController.swift */,
				DABC1EAE288BAAC800C75DC7 /* TeamIconCollectionViewCell.swift */,
				DABC1EAF288BAAC800C75DC7 /* PlayerTabBarController.swift */,
				DABC1EB0288BAAC800C75DC7 /* JoinTeamViewController.swift */,
				DABC1EB1288BAAC800C75DC7 /* CreateOrJoinTeamViewController.swift */,
				DABC1EB2288BAAC800C75DC7 /* JoinGameViewController.swift */,
				DABC1EB3288BAAC800C75DC7 /* CreateTeamViewController.swift */,
				DABC1EB4288BAAC800C75DC7 /* TimerViewController.swift */,
			);
			name = PlayerViewControllers;
			path = Controllers/PlayerViewControllers;
			sourceTree = "<group>";
		};
		DABC1EE9288F337F00C75DC7 /* Recovered References */ = {
			isa = PBXGroup;
			children = (
			);
			name = "Recovered References";
			sourceTree = "<group>";
		};
/* End PBXGroup section */

/* Begin PBXNativeTarget section */
		DA28D78B284FF9CE00EA1B94 /* Game_Walker */ = {
			isa = PBXNativeTarget;
			buildConfigurationList = DA28D7A0284FF9D300EA1B94 /* Build configuration list for PBXNativeTarget "Game_Walker" */;
			buildPhases = (
				810C2B6F436D4C32651D4DE5 /* [CP] Check Pods Manifest.lock */,
				DA28D788284FF9CE00EA1B94 /* Sources */,
				DA28D789284FF9CE00EA1B94 /* Frameworks */,
				DA28D78A284FF9CE00EA1B94 /* Resources */,
				ED1E7E4756761D2BE38CAC5F /* [CP] Embed Pods Frameworks */,
			);
			buildRules = (
			);
			dependencies = (
			);
			name = Game_Walker;
			productName = Game_Walker;
			productReference = DA28D78C284FF9CE00EA1B94 /* Game_Walker.app */;
			productType = "com.apple.product-type.application";
		};
/* End PBXNativeTarget section */

/* Begin PBXProject section */
		DA28D784284FF9CE00EA1B94 /* Project object */ = {
			isa = PBXProject;
			attributes = {
				BuildIndependentTargetsInParallel = 1;
				LastSwiftUpdateCheck = 1340;
				LastUpgradeCheck = 1340;
				TargetAttributes = {
					DA28D78B284FF9CE00EA1B94 = {
						CreatedOnToolsVersion = 13.4.1;
					};
				};
			};
			buildConfigurationList = DA28D787284FF9CE00EA1B94 /* Build configuration list for PBXProject "Game_Walker" */;
			compatibilityVersion = "Xcode 13.0";
			developmentRegion = en;
			hasScannedForEncodings = 0;
			knownRegions = (
				en,
				Base,
			);
			mainGroup = DA28D783284FF9CE00EA1B94;
			productRefGroup = DA28D78D284FF9CE00EA1B94 /* Products */;
			projectDirPath = "";
			projectRoot = "";
			targets = (
				DA28D78B284FF9CE00EA1B94 /* Game_Walker */,
			);
		};
/* End PBXProject section */

/* Begin PBXResourcesBuildPhase section */
		DA28D78A284FF9CE00EA1B94 /* Resources */ = {
			isa = PBXResourcesBuildPhase;
			buildActionMask = 2147483647;
			files = (
				A1D8CAC328811EEF005CCE0E /* (null) in Resources */,
				DABC1E87288BA9CB00C75DC7 /* Referee.storyboard in Resources */,
				A1D8CAC328811EEF005CCE0E /* (null) in Resources */,
				DABC1E8A288BA9CB00C75DC7 /* Main.storyboard in Resources */,
				DABC1E85288BA9CB00C75DC7 /* Player.storyboard in Resources */,
				DA13EB8B2858086A00368CF8 /* GoogleService-Info.plist in Resources */,
				DABC1E89288BA9CB00C75DC7 /* LaunchScreen.storyboard in Resources */,
				DABC1E86288BA9CB00C75DC7 /* Storyboard.storyboard in Resources */,
				DA28D799284FF9D300EA1B94 /* Assets.xcassets in Resources */,
				DABC1E88288BA9CB00C75DC7 /* Host.storyboard in Resources */,
			);
			runOnlyForDeploymentPostprocessing = 0;
		};
/* End PBXResourcesBuildPhase section */

/* Begin PBXShellScriptBuildPhase section */
		810C2B6F436D4C32651D4DE5 /* [CP] Check Pods Manifest.lock */ = {
			isa = PBXShellScriptBuildPhase;
			buildActionMask = 2147483647;
			files = (
			);
			inputFileListPaths = (
			);
			inputPaths = (
				"${PODS_PODFILE_DIR_PATH}/Podfile.lock",
				"${PODS_ROOT}/Manifest.lock",
			);
			name = "[CP] Check Pods Manifest.lock";
			outputFileListPaths = (
			);
			outputPaths = (
				"$(DERIVED_FILE_DIR)/Pods-Game_Walker-checkManifestLockResult.txt",
			);
			runOnlyForDeploymentPostprocessing = 0;
			shellPath = /bin/sh;
			shellScript = "diff \"${PODS_PODFILE_DIR_PATH}/Podfile.lock\" \"${PODS_ROOT}/Manifest.lock\" > /dev/null\nif [ $? != 0 ] ; then\n    # print error to STDERR\n    echo \"error: The sandbox is not in sync with the Podfile.lock. Run 'pod install' or update your CocoaPods installation.\" >&2\n    exit 1\nfi\n# This output is used by Xcode 'outputs' to avoid re-running this script phase.\necho \"SUCCESS\" > \"${SCRIPT_OUTPUT_FILE_0}\"\n";
			showEnvVarsInLog = 0;
		};
		ED1E7E4756761D2BE38CAC5F /* [CP] Embed Pods Frameworks */ = {
			isa = PBXShellScriptBuildPhase;
			buildActionMask = 2147483647;
			files = (
			);
			inputFileListPaths = (
				"${PODS_ROOT}/Target Support Files/Pods-Game_Walker/Pods-Game_Walker-frameworks-${CONFIGURATION}-input-files.xcfilelist",
			);
			name = "[CP] Embed Pods Frameworks";
			outputFileListPaths = (
				"${PODS_ROOT}/Target Support Files/Pods-Game_Walker/Pods-Game_Walker-frameworks-${CONFIGURATION}-output-files.xcfilelist",
			);
			runOnlyForDeploymentPostprocessing = 0;
			shellPath = /bin/sh;
			shellScript = "\"${PODS_ROOT}/Target Support Files/Pods-Game_Walker/Pods-Game_Walker-frameworks.sh\"\n";
			showEnvVarsInLog = 0;
		};
/* End PBXShellScriptBuildPhase section */

/* Begin PBXSourcesBuildPhase section */
		DA28D788284FF9CE00EA1B94 /* Sources */ = {
			isa = PBXSourcesBuildPhase;
			buildActionMask = 2147483647;
			files = (
				DABC1EF128911FA900C75DC7 /* Station_Database.swift in Sources */,
				DA9662C3285AFA4700B66629 /* Protocols.swift in Sources */,
				DAC31329285862EF00BECF89 /* Station.swift in Sources */,
				DA28D790284FF9CE00EA1B94 /* AppDelegate.swift in Sources */,
				DA13EB89285806DD00368CF8 /* Host.swift in Sources */,
				DA13EB89285806DD00368CF8 /* Host.swift in Sources */,
				A1E3DDB52880F506008D7060 /* (null) in Sources */,
				A1E3DDB72880F5D6008D7060 /* (null) in Sources */,
				DABC1ECF288BAAC800C75DC7 /* TimerViewController.swift in Sources */,
				DABC1ECB288BAAC800C75DC7 /* JoinTeamViewController.swift in Sources */,
				DABC1EEF28911F8100C75DC7 /* Team_Database.swift in Sources */,
				DA13EB89285806DD00368CF8 /* Host.swift in Sources */,
				DA96397028A33CDA00853F05 /* Host_Modified.swift in Sources */,
				DABC1E8E288BAA8B00C75DC7 /* BaseViewController.swift in Sources */,
				DABC1EED2890CEDB00C75DC7 /* Referee_Database.swift in Sources */,
				DABC1ECD288BAAC800C75DC7 /* JoinGameViewController.swift in Sources */,
				DA13EB89285806DD00368CF8 /* Host.swift in Sources */,
				DABC1EC9288BAAC800C75DC7 /* TeamIconCollectionViewCell.swift in Sources */,
				DABC1E90288BAA8B00C75DC7 /* UIViewController+Keyboard.swift in Sources */,
				A1E3DDB52880F506008D7060 /* (null) in Sources */,
				DABC1E8F288BAA8B00C75DC7 /* MainViewController.swift in Sources */,
				A1E3DDB72880F5D6008D7060 /* (null) in Sources */,
				DABC1EEB288F3DC400C75DC7 /* Player_Database.swift in Sources */,
				DAC313272858619900BECF89 /* Player.swift in Sources */,
				DAC3132B285862FB00BECF89 /* Referee.swift in Sources */,
				FC1D68F1288B97C500C529DA /* UserData.swift in Sources */,
				DABC1ECE288BAAC800C75DC7 /* CreateTeamViewController.swift in Sources */,
				DA28D792284FF9CE00EA1B94 /* SceneDelegate.swift in Sources */,
				DABC1ECC288BAAC800C75DC7 /* CreateOrJoinTeamViewController.swift in Sources */,
				DABC1EC8288BAAC800C75DC7 /* RankingViewController.swift in Sources */,
				DAC3132D2858632100BECF89 /* Team.swift in Sources */,
				DABC1EC7288BAAC800C75DC7 /* TeamViewController.swift in Sources */,
				DABC1ECA288BAAC800C75DC7 /* PlayerTabBarController.swift in Sources */,
				DA9662C1285AA39200B66629 /* Constants.swift in Sources */,
			);
			runOnlyForDeploymentPostprocessing = 0;
		};
/* End PBXSourcesBuildPhase section */

/* Begin XCBuildConfiguration section */
		DA28D79E284FF9D300EA1B94 /* Debug */ = {
			isa = XCBuildConfiguration;
			buildSettings = {
				ALWAYS_SEARCH_USER_PATHS = NO;
				CLANG_ANALYZER_NONNULL = YES;
				CLANG_ANALYZER_NUMBER_OBJECT_CONVERSION = YES_AGGRESSIVE;
				CLANG_CXX_LANGUAGE_STANDARD = "gnu++17";
				CLANG_ENABLE_MODULES = YES;
				CLANG_ENABLE_OBJC_ARC = YES;
				CLANG_ENABLE_OBJC_WEAK = YES;
				CLANG_WARN_BLOCK_CAPTURE_AUTORELEASING = YES;
				CLANG_WARN_BOOL_CONVERSION = YES;
				CLANG_WARN_COMMA = YES;
				CLANG_WARN_CONSTANT_CONVERSION = YES;
				CLANG_WARN_DEPRECATED_OBJC_IMPLEMENTATIONS = YES;
				CLANG_WARN_DIRECT_OBJC_ISA_USAGE = YES_ERROR;
				CLANG_WARN_DOCUMENTATION_COMMENTS = YES;
				CLANG_WARN_EMPTY_BODY = YES;
				CLANG_WARN_ENUM_CONVERSION = YES;
				CLANG_WARN_INFINITE_RECURSION = YES;
				CLANG_WARN_INT_CONVERSION = YES;
				CLANG_WARN_NON_LITERAL_NULL_CONVERSION = YES;
				CLANG_WARN_OBJC_IMPLICIT_RETAIN_SELF = YES;
				CLANG_WARN_OBJC_LITERAL_CONVERSION = YES;
				CLANG_WARN_OBJC_ROOT_CLASS = YES_ERROR;
				CLANG_WARN_QUOTED_INCLUDE_IN_FRAMEWORK_HEADER = YES;
				CLANG_WARN_RANGE_LOOP_ANALYSIS = YES;
				CLANG_WARN_STRICT_PROTOTYPES = YES;
				CLANG_WARN_SUSPICIOUS_MOVE = YES;
				CLANG_WARN_UNGUARDED_AVAILABILITY = YES_AGGRESSIVE;
				CLANG_WARN_UNREACHABLE_CODE = YES;
				CLANG_WARN__DUPLICATE_METHOD_MATCH = YES;
				COPY_PHASE_STRIP = NO;
				DEBUG_INFORMATION_FORMAT = dwarf;
				ENABLE_STRICT_OBJC_MSGSEND = YES;
				ENABLE_TESTABILITY = YES;
				GCC_C_LANGUAGE_STANDARD = gnu11;
				GCC_DYNAMIC_NO_PIC = NO;
				GCC_NO_COMMON_BLOCKS = YES;
				GCC_OPTIMIZATION_LEVEL = 0;
				GCC_PREPROCESSOR_DEFINITIONS = (
					"DEBUG=1",
					"$(inherited)",
				);
				GCC_WARN_64_TO_32_BIT_CONVERSION = YES;
				GCC_WARN_ABOUT_RETURN_TYPE = YES_ERROR;
				GCC_WARN_UNDECLARED_SELECTOR = YES;
				GCC_WARN_UNINITIALIZED_AUTOS = YES_AGGRESSIVE;
				GCC_WARN_UNUSED_FUNCTION = YES;
				GCC_WARN_UNUSED_VARIABLE = YES;
				IPHONEOS_DEPLOYMENT_TARGET = 15.5;
				MTL_ENABLE_DEBUG_INFO = INCLUDE_SOURCE;
				MTL_FAST_MATH = YES;
				ONLY_ACTIVE_ARCH = YES;
				SDKROOT = iphoneos;
				SWIFT_ACTIVE_COMPILATION_CONDITIONS = DEBUG;
				SWIFT_OPTIMIZATION_LEVEL = "-Onone";
			};
			name = Debug;
		};
		DA28D79F284FF9D300EA1B94 /* Release */ = {
			isa = XCBuildConfiguration;
			buildSettings = {
				ALWAYS_SEARCH_USER_PATHS = NO;
				CLANG_ANALYZER_NONNULL = YES;
				CLANG_ANALYZER_NUMBER_OBJECT_CONVERSION = YES_AGGRESSIVE;
				CLANG_CXX_LANGUAGE_STANDARD = "gnu++17";
				CLANG_ENABLE_MODULES = YES;
				CLANG_ENABLE_OBJC_ARC = YES;
				CLANG_ENABLE_OBJC_WEAK = YES;
				CLANG_WARN_BLOCK_CAPTURE_AUTORELEASING = YES;
				CLANG_WARN_BOOL_CONVERSION = YES;
				CLANG_WARN_COMMA = YES;
				CLANG_WARN_CONSTANT_CONVERSION = YES;
				CLANG_WARN_DEPRECATED_OBJC_IMPLEMENTATIONS = YES;
				CLANG_WARN_DIRECT_OBJC_ISA_USAGE = YES_ERROR;
				CLANG_WARN_DOCUMENTATION_COMMENTS = YES;
				CLANG_WARN_EMPTY_BODY = YES;
				CLANG_WARN_ENUM_CONVERSION = YES;
				CLANG_WARN_INFINITE_RECURSION = YES;
				CLANG_WARN_INT_CONVERSION = YES;
				CLANG_WARN_NON_LITERAL_NULL_CONVERSION = YES;
				CLANG_WARN_OBJC_IMPLICIT_RETAIN_SELF = YES;
				CLANG_WARN_OBJC_LITERAL_CONVERSION = YES;
				CLANG_WARN_OBJC_ROOT_CLASS = YES_ERROR;
				CLANG_WARN_QUOTED_INCLUDE_IN_FRAMEWORK_HEADER = YES;
				CLANG_WARN_RANGE_LOOP_ANALYSIS = YES;
				CLANG_WARN_STRICT_PROTOTYPES = YES;
				CLANG_WARN_SUSPICIOUS_MOVE = YES;
				CLANG_WARN_UNGUARDED_AVAILABILITY = YES_AGGRESSIVE;
				CLANG_WARN_UNREACHABLE_CODE = YES;
				CLANG_WARN__DUPLICATE_METHOD_MATCH = YES;
				COPY_PHASE_STRIP = NO;
				DEBUG_INFORMATION_FORMAT = "dwarf-with-dsym";
				ENABLE_NS_ASSERTIONS = NO;
				ENABLE_STRICT_OBJC_MSGSEND = YES;
				GCC_C_LANGUAGE_STANDARD = gnu11;
				GCC_NO_COMMON_BLOCKS = YES;
				GCC_WARN_64_TO_32_BIT_CONVERSION = YES;
				GCC_WARN_ABOUT_RETURN_TYPE = YES_ERROR;
				GCC_WARN_UNDECLARED_SELECTOR = YES;
				GCC_WARN_UNINITIALIZED_AUTOS = YES_AGGRESSIVE;
				GCC_WARN_UNUSED_FUNCTION = YES;
				GCC_WARN_UNUSED_VARIABLE = YES;
				IPHONEOS_DEPLOYMENT_TARGET = 15.5;
				MTL_ENABLE_DEBUG_INFO = NO;
				MTL_FAST_MATH = YES;
				SDKROOT = iphoneos;
				SWIFT_COMPILATION_MODE = wholemodule;
				SWIFT_OPTIMIZATION_LEVEL = "-O";
				VALIDATE_PRODUCT = YES;
			};
			name = Release;
		};
		DA28D7A1284FF9D300EA1B94 /* Debug */ = {
			isa = XCBuildConfiguration;
			baseConfigurationReference = 485B23F4821014EF1734A048 /* Pods-Game_Walker.debug.xcconfig */;
			buildSettings = {
				ASSETCATALOG_COMPILER_APPICON_NAME = AppIcon;
				ASSETCATALOG_COMPILER_GLOBAL_ACCENT_COLOR_NAME = AccentColor;
				CODE_SIGN_STYLE = Automatic;
				CURRENT_PROJECT_VERSION = 1;
				DEVELOPMENT_TEAM = 96F9ZYF44K;
				GENERATE_INFOPLIST_FILE = YES;
				INFOPLIST_FILE = Game_Walker/Info.plist;
				INFOPLIST_KEY_UIApplicationSupportsIndirectInputEvents = YES;
				INFOPLIST_KEY_UILaunchStoryboardName = LaunchScreen;
				INFOPLIST_KEY_UIMainStoryboardFile = Main;
				INFOPLIST_KEY_UISupportedInterfaceOrientations = UIInterfaceOrientationPortrait;
				INFOPLIST_KEY_UISupportedInterfaceOrientations_iPad = "UIInterfaceOrientationPortrait UIInterfaceOrientationPortraitUpsideDown UIInterfaceOrientationLandscapeLeft UIInterfaceOrientationLandscapeRight";
				INFOPLIST_KEY_UISupportedInterfaceOrientations_iPhone = "UIInterfaceOrientationPortrait UIInterfaceOrientationLandscapeLeft UIInterfaceOrientationLandscapeRight";
				IPHONEOS_DEPLOYMENT_TARGET = 14.0;
				LD_RUNPATH_SEARCH_PATHS = (
					"$(inherited)",
					"@executable_path/Frameworks",
				);
				MARKETING_VERSION = 1.0;
				PRODUCT_BUNDLE_IDENTIFIER = "com.joyful.Game-Walker";
				PRODUCT_NAME = "$(TARGET_NAME)";
				SWIFT_EMIT_LOC_STRINGS = YES;
				SWIFT_VERSION = 5.0;
				TARGETED_DEVICE_FAMILY = "1,2";
			};
			name = Debug;
		};
		DA28D7A2284FF9D300EA1B94 /* Release */ = {
			isa = XCBuildConfiguration;
			baseConfigurationReference = E50AA65B49ED0EE8AB004841 /* Pods-Game_Walker.release.xcconfig */;
			buildSettings = {
				ASSETCATALOG_COMPILER_APPICON_NAME = AppIcon;
				ASSETCATALOG_COMPILER_GLOBAL_ACCENT_COLOR_NAME = AccentColor;
				CODE_SIGN_STYLE = Automatic;
				CURRENT_PROJECT_VERSION = 1;
				DEVELOPMENT_TEAM = 96F9ZYF44K;
				GENERATE_INFOPLIST_FILE = YES;
				INFOPLIST_FILE = Game_Walker/Info.plist;
				INFOPLIST_KEY_UIApplicationSupportsIndirectInputEvents = YES;
				INFOPLIST_KEY_UILaunchStoryboardName = LaunchScreen;
				INFOPLIST_KEY_UIMainStoryboardFile = Main;
				INFOPLIST_KEY_UISupportedInterfaceOrientations = UIInterfaceOrientationPortrait;
				INFOPLIST_KEY_UISupportedInterfaceOrientations_iPad = "UIInterfaceOrientationPortrait UIInterfaceOrientationPortraitUpsideDown UIInterfaceOrientationLandscapeLeft UIInterfaceOrientationLandscapeRight";
				INFOPLIST_KEY_UISupportedInterfaceOrientations_iPhone = "UIInterfaceOrientationPortrait UIInterfaceOrientationLandscapeLeft UIInterfaceOrientationLandscapeRight";
				IPHONEOS_DEPLOYMENT_TARGET = 14.0;
				LD_RUNPATH_SEARCH_PATHS = (
					"$(inherited)",
					"@executable_path/Frameworks",
				);
				MARKETING_VERSION = 1.0;
				PRODUCT_BUNDLE_IDENTIFIER = "com.joyful.Game-Walker";
				PRODUCT_NAME = "$(TARGET_NAME)";
				SWIFT_EMIT_LOC_STRINGS = YES;
				SWIFT_VERSION = 5.0;
				TARGETED_DEVICE_FAMILY = "1,2";
			};
			name = Release;
		};
/* End XCBuildConfiguration section */

/* Begin XCConfigurationList section */
		DA28D787284FF9CE00EA1B94 /* Build configuration list for PBXProject "Game_Walker" */ = {
			isa = XCConfigurationList;
			buildConfigurations = (
				DA28D79E284FF9D300EA1B94 /* Debug */,
				DA28D79F284FF9D300EA1B94 /* Release */,
			);
			defaultConfigurationIsVisible = 0;
			defaultConfigurationName = Release;
		};
		DA28D7A0284FF9D300EA1B94 /* Build configuration list for PBXNativeTarget "Game_Walker" */ = {
			isa = XCConfigurationList;
			buildConfigurations = (
				DA28D7A1284FF9D300EA1B94 /* Debug */,
				DA28D7A2284FF9D300EA1B94 /* Release */,
			);
			defaultConfigurationIsVisible = 0;
			defaultConfigurationName = Release;
		};
/* End XCConfigurationList section */
	};
	rootObject = DA28D784284FF9CE00EA1B94 /* Project object */;
}
