// !$*UTF8*$!
{
	archiveVersion = 1;
	classes = {
	};
	objectVersion = 55;
	objects = {

/* Begin PBXBuildFile section */
		6106B9622883EFB900BA3BB2 /* RefereeFrame2_1.swift in Sources */ = {isa = PBXBuildFile; fileRef = 6106B9612883EFB900BA3BB2 /* RefereeFrame2_1.swift */; };
		6106B9672883EFD000BA3BB2 /* RefereeFrame3_3.swift in Sources */ = {isa = PBXBuildFile; fileRef = 6106B9632883EFD000BA3BB2 /* RefereeFrame3_3.swift */; };
		6106B9682883EFD000BA3BB2 /* RefereeFrame3_2.swift in Sources */ = {isa = PBXBuildFile; fileRef = 6106B9642883EFD000BA3BB2 /* RefereeFrame3_2.swift */; };
		6106B9692883EFD000BA3BB2 /* RefereeFrame2_2.swift in Sources */ = {isa = PBXBuildFile; fileRef = 6106B9652883EFD000BA3BB2 /* RefereeFrame2_2.swift */; };
		6106B96A2883EFD000BA3BB2 /* RefereeFrame3_1.swift in Sources */ = {isa = PBXBuildFile; fileRef = 6106B9662883EFD000BA3BB2 /* RefereeFrame3_1.swift */; };
		A1D8CAC228811EEF005CCE0E /* StationTableViewCell.swift in Sources */ = {isa = PBXBuildFile; fileRef = A1D8CAC028811EEF005CCE0E /* StationTableViewCell.swift */; };
		A1D8CAC328811EEF005CCE0E /* StationTableViewCell.xib in Resources */ = {isa = PBXBuildFile; fileRef = A1D8CAC128811EEF005CCE0E /* StationTableViewCell.xib */; };
		A1D8CAC728812201005CCE0E /* HostStationsViewController.swift in Sources */ = {isa = PBXBuildFile; fileRef = A1D8CAC628812201005CCE0E /* HostStationsViewController.swift */; };
		A1E3DDB32880EFC1008D7060 /* GameManagerCollectionViewCell.xib in Resources */ = {isa = PBXBuildFile; fileRef = A1E3DDB22880EFC1008D7060 /* GameManagerCollectionViewCell.xib */; };
		A1E3DDB52880F506008D7060 /* GameManagerViewController.swift in Sources */ = {isa = PBXBuildFile; fileRef = A1E3DDB42880F506008D7060 /* GameManagerViewController.swift */; };
		A1E3DDB72880F5D6008D7060 /* GameManagerCollectionViewCell.swift in Sources */ = {isa = PBXBuildFile; fileRef = A1E3DDB62880F5D6008D7060 /* GameManagerCollectionViewCell.swift */; };
		AAF42DF835FA27BAEC58ABD8 /* Pods_Game_Walker.framework in Frameworks */ = {isa = PBXBuildFile; fileRef = 37CA2311D7F85B13DD91EAF1 /* Pods_Game_Walker.framework */; };
		DA13EB89285806DD00368CF8 /* Host.swift in Sources */ = {isa = PBXBuildFile; fileRef = DA13EB88285806DD00368CF8 /* Host.swift */; };
		DA13EB8B2858086A00368CF8 /* GoogleService-Info.plist in Resources */ = {isa = PBXBuildFile; fileRef = DA13EB8A2858086A00368CF8 /* GoogleService-Info.plist */; };
		DA28D790284FF9CE00EA1B94 /* AppDelegate.swift in Sources */ = {isa = PBXBuildFile; fileRef = DA28D78F284FF9CE00EA1B94 /* AppDelegate.swift */; };
		DA28D792284FF9CE00EA1B94 /* SceneDelegate.swift in Sources */ = {isa = PBXBuildFile; fileRef = DA28D791284FF9CE00EA1B94 /* SceneDelegate.swift */; };
		DA28D794284FF9CE00EA1B94 /* MainViewController.swift in Sources */ = {isa = PBXBuildFile; fileRef = DA28D793284FF9CE00EA1B94 /* MainViewController.swift */; };
		DA28D797284FF9CE00EA1B94 /* Main.storyboard in Resources */ = {isa = PBXBuildFile; fileRef = DA28D795284FF9CE00EA1B94 /* Main.storyboard */; };
		DA28D799284FF9D300EA1B94 /* Assets.xcassets in Resources */ = {isa = PBXBuildFile; fileRef = DA28D798284FF9D300EA1B94 /* Assets.xcassets */; };
		DA28D79C284FF9D300EA1B94 /* LaunchScreen.storyboard in Resources */ = {isa = PBXBuildFile; fileRef = DA28D79A284FF9D300EA1B94 /* LaunchScreen.storyboard */; };
		DA28D7A8284FFD4400EA1B94 /* Player.storyboard in Resources */ = {isa = PBXBuildFile; fileRef = DA28D7A7284FFD4400EA1B94 /* Player.storyboard */; };
		DA28D7AA284FFD6100EA1B94 /* Referee.storyboard in Resources */ = {isa = PBXBuildFile; fileRef = DA28D7A9284FFD6100EA1B94 /* Referee.storyboard */; };
		DA28D7AC284FFD9500EA1B94 /* Host.storyboard in Resources */ = {isa = PBXBuildFile; fileRef = DA28D7AB284FFD9500EA1B94 /* Host.storyboard */; };
		DA28D7AE284FFE9900EA1B94 /* PlayerFrame1.swift in Sources */ = {isa = PBXBuildFile; fileRef = DA28D7AD284FFE9900EA1B94 /* PlayerFrame1.swift */; };
		DA28D7B0284FFEB400EA1B94 /* RefereeFrame1.swift in Sources */ = {isa = PBXBuildFile; fileRef = DA28D7AF284FFEB400EA1B94 /* RefereeFrame1.swift */; };
		DA9662C1285AA39200B66629 /* Constants.swift in Sources */ = {isa = PBXBuildFile; fileRef = DA9662C0285AA39200B66629 /* Constants.swift */; };
		DA9662C3285AFA4700B66629 /* DataUpdateListener.swift in Sources */ = {isa = PBXBuildFile; fileRef = DA9662C2285AFA4700B66629 /* DataUpdateListener.swift */; };
		DABC1E7C286ADBD300C75DC7 /* HostFrame1.swift in Sources */ = {isa = PBXBuildFile; fileRef = DABC1E7B286ADBD300C75DC7 /* HostFrame1.swift */; };
		DAC313272858619900BECF89 /* Player.swift in Sources */ = {isa = PBXBuildFile; fileRef = DAC313262858619900BECF89 /* Player.swift */; };
		DAC31329285862EF00BECF89 /* Station.swift in Sources */ = {isa = PBXBuildFile; fileRef = DAC31328285862EF00BECF89 /* Station.swift */; };
		DAC3132B285862FB00BECF89 /* Referee.swift in Sources */ = {isa = PBXBuildFile; fileRef = DAC3132A285862FB00BECF89 /* Referee.swift */; };
		DAC3132D2858632100BECF89 /* Team.swift in Sources */ = {isa = PBXBuildFile; fileRef = DAC3132C2858632100BECF89 /* Team.swift */; };
		FC166534285D277F00CABCE9 /* PlayerFrame4_1.swift in Sources */ = {isa = PBXBuildFile; fileRef = FC166533285D277F00CABCE9 /* PlayerFrame4_1.swift */; };
		FC166536285D279800CABCE9 /* PlayerFrame4_2.swift in Sources */ = {isa = PBXBuildFile; fileRef = FC166535285D279800CABCE9 /* PlayerFrame4_2.swift */; };
		FC166538285D27A600CABCE9 /* PlayerFrame4_3.swift in Sources */ = {isa = PBXBuildFile; fileRef = FC166537285D27A600CABCE9 /* PlayerFrame4_3.swift */; };
		FC2828D5285A93FA009BB87F /* PlayerFrame2.swift in Sources */ = {isa = PBXBuildFile; fileRef = FC2828D4285A93FA009BB87F /* PlayerFrame2.swift */; };
		FC4054AE285BFBC9000DD822 /* PlayerFrame3_1.swift in Sources */ = {isa = PBXBuildFile; fileRef = FC4054AD285BFBC9000DD822 /* PlayerFrame3_1.swift */; };
		FC4054B0285BFBED000DD822 /* PlayerFrame3_2.swift in Sources */ = {isa = PBXBuildFile; fileRef = FC4054AF285BFBED000DD822 /* PlayerFrame3_2.swift */; };
		FC507EC6287CF0BD00555AD2 /* BaseViewController.swift in Sources */ = {isa = PBXBuildFile; fileRef = FC507EC5287CF0BD00555AD2 /* BaseViewController.swift */; };
		FC507EC8287CF19A00555AD2 /* UIViewController+Keyboard.swift in Sources */ = {isa = PBXBuildFile; fileRef = FC507EC7287CF19A00555AD2 /* UIViewController+Keyboard.swift */; };
		FCCE97FA285D4EFB0010D4CB /* IconCollectionViewCell.swift in Sources */ = {isa = PBXBuildFile; fileRef = FCCE97F8285D4EFB0010D4CB /* IconCollectionViewCell.swift */; };
		FCCE97FB285D4EFB0010D4CB /* IconCollectionViewCell.xib in Resources */ = {isa = PBXBuildFile; fileRef = FCCE97F9285D4EFB0010D4CB /* IconCollectionViewCell.xib */; };
/* End PBXBuildFile section */

/* Begin PBXFileReference section */
		37CA2311D7F85B13DD91EAF1 /* Pods_Game_Walker.framework */ = {isa = PBXFileReference; explicitFileType = wrapper.framework; includeInIndex = 0; path = Pods_Game_Walker.framework; sourceTree = BUILT_PRODUCTS_DIR; };
		485B23F4821014EF1734A048 /* Pods-Game_Walker.debug.xcconfig */ = {isa = PBXFileReference; includeInIndex = 1; lastKnownFileType = text.xcconfig; name = "Pods-Game_Walker.debug.xcconfig"; path = "Target Support Files/Pods-Game_Walker/Pods-Game_Walker.debug.xcconfig"; sourceTree = "<group>"; };
		6106B9612883EFB900BA3BB2 /* RefereeFrame2_1.swift */ = {isa = PBXFileReference; fileEncoding = 4; lastKnownFileType = sourcecode.swift; path = RefereeFrame2_1.swift; sourceTree = "<group>"; };
		6106B9632883EFD000BA3BB2 /* RefereeFrame3_3.swift */ = {isa = PBXFileReference; fileEncoding = 4; lastKnownFileType = sourcecode.swift; path = RefereeFrame3_3.swift; sourceTree = "<group>"; };
		6106B9642883EFD000BA3BB2 /* RefereeFrame3_2.swift */ = {isa = PBXFileReference; fileEncoding = 4; lastKnownFileType = sourcecode.swift; path = RefereeFrame3_2.swift; sourceTree = "<group>"; };
		6106B9652883EFD000BA3BB2 /* RefereeFrame2_2.swift */ = {isa = PBXFileReference; fileEncoding = 4; lastKnownFileType = sourcecode.swift; path = RefereeFrame2_2.swift; sourceTree = "<group>"; };
		6106B9662883EFD000BA3BB2 /* RefereeFrame3_1.swift */ = {isa = PBXFileReference; fileEncoding = 4; lastKnownFileType = sourcecode.swift; path = RefereeFrame3_1.swift; sourceTree = "<group>"; };
		A1D8CAC028811EEF005CCE0E /* StationTableViewCell.swift */ = {isa = PBXFileReference; lastKnownFileType = sourcecode.swift; path = StationTableViewCell.swift; sourceTree = "<group>"; };
		A1D8CAC128811EEF005CCE0E /* StationTableViewCell.xib */ = {isa = PBXFileReference; lastKnownFileType = file.xib; path = StationTableViewCell.xib; sourceTree = "<group>"; };
		A1D8CAC628812201005CCE0E /* HostStationsViewController.swift */ = {isa = PBXFileReference; lastKnownFileType = sourcecode.swift; path = HostStationsViewController.swift; sourceTree = "<group>"; };
		A1E3DDB22880EFC1008D7060 /* GameManagerCollectionViewCell.xib */ = {isa = PBXFileReference; lastKnownFileType = file.xib; path = GameManagerCollectionViewCell.xib; sourceTree = "<group>"; };
		A1E3DDB42880F506008D7060 /* GameManagerViewController.swift */ = {isa = PBXFileReference; lastKnownFileType = sourcecode.swift; path = GameManagerViewController.swift; sourceTree = "<group>"; };
		A1E3DDB62880F5D6008D7060 /* GameManagerCollectionViewCell.swift */ = {isa = PBXFileReference; lastKnownFileType = sourcecode.swift; path = GameManagerCollectionViewCell.swift; sourceTree = "<group>"; };
		DA13EB88285806DD00368CF8 /* Host.swift */ = {isa = PBXFileReference; lastKnownFileType = sourcecode.swift; path = Host.swift; sourceTree = "<group>"; };
		DA13EB8A2858086A00368CF8 /* GoogleService-Info.plist */ = {isa = PBXFileReference; lastKnownFileType = text.plist; path = "GoogleService-Info.plist"; sourceTree = SOURCE_ROOT; };
		DA28D78C284FF9CE00EA1B94 /* Game_Walker.app */ = {isa = PBXFileReference; explicitFileType = wrapper.application; includeInIndex = 0; path = Game_Walker.app; sourceTree = BUILT_PRODUCTS_DIR; };
		DA28D78F284FF9CE00EA1B94 /* AppDelegate.swift */ = {isa = PBXFileReference; lastKnownFileType = sourcecode.swift; path = AppDelegate.swift; sourceTree = "<group>"; };
		DA28D791284FF9CE00EA1B94 /* SceneDelegate.swift */ = {isa = PBXFileReference; lastKnownFileType = sourcecode.swift; path = SceneDelegate.swift; sourceTree = "<group>"; };
		DA28D793284FF9CE00EA1B94 /* MainViewController.swift */ = {isa = PBXFileReference; lastKnownFileType = sourcecode.swift; path = MainViewController.swift; sourceTree = "<group>"; };
		DA28D796284FF9CE00EA1B94 /* Base */ = {isa = PBXFileReference; lastKnownFileType = file.storyboard; name = Base; path = Base.lproj/Main.storyboard; sourceTree = "<group>"; };
		DA28D798284FF9D300EA1B94 /* Assets.xcassets */ = {isa = PBXFileReference; lastKnownFileType = folder.assetcatalog; path = Assets.xcassets; sourceTree = "<group>"; };
		DA28D79B284FF9D300EA1B94 /* Base */ = {isa = PBXFileReference; lastKnownFileType = file.storyboard; name = Base; path = Base.lproj/LaunchScreen.storyboard; sourceTree = "<group>"; };
		DA28D79D284FF9D300EA1B94 /* Info.plist */ = {isa = PBXFileReference; lastKnownFileType = text.plist.xml; path = Info.plist; sourceTree = "<group>"; };
		DA28D7A7284FFD4400EA1B94 /* Player.storyboard */ = {isa = PBXFileReference; lastKnownFileType = file.storyboard; path = Player.storyboard; sourceTree = "<group>"; };
		DA28D7A9284FFD6100EA1B94 /* Referee.storyboard */ = {isa = PBXFileReference; lastKnownFileType = file.storyboard; path = Referee.storyboard; sourceTree = "<group>"; };
		DA28D7AB284FFD9500EA1B94 /* Host.storyboard */ = {isa = PBXFileReference; lastKnownFileType = file.storyboard; path = Host.storyboard; sourceTree = "<group>"; };
		DA28D7AD284FFE9900EA1B94 /* PlayerFrame1.swift */ = {isa = PBXFileReference; lastKnownFileType = sourcecode.swift; path = PlayerFrame1.swift; sourceTree = "<group>"; };
		DA28D7AF284FFEB400EA1B94 /* RefereeFrame1.swift */ = {isa = PBXFileReference; lastKnownFileType = sourcecode.swift; path = RefereeFrame1.swift; sourceTree = "<group>"; };
		DA9662C0285AA39200B66629 /* Constants.swift */ = {isa = PBXFileReference; lastKnownFileType = sourcecode.swift; path = Constants.swift; sourceTree = "<group>"; };
		DA9662C2285AFA4700B66629 /* DataUpdateListener.swift */ = {isa = PBXFileReference; lastKnownFileType = sourcecode.swift; path = DataUpdateListener.swift; sourceTree = "<group>"; };
		DABC1E7B286ADBD300C75DC7 /* HostFrame1.swift */ = {isa = PBXFileReference; fileEncoding = 4; lastKnownFileType = sourcecode.swift; name = HostFrame1.swift; path = Game_Walker/HostFrame1.swift; sourceTree = SOURCE_ROOT; };
		DAC313262858619900BECF89 /* Player.swift */ = {isa = PBXFileReference; lastKnownFileType = sourcecode.swift; path = Player.swift; sourceTree = "<group>"; };
		DAC31328285862EF00BECF89 /* Station.swift */ = {isa = PBXFileReference; lastKnownFileType = sourcecode.swift; path = Station.swift; sourceTree = "<group>"; };
		DAC3132A285862FB00BECF89 /* Referee.swift */ = {isa = PBXFileReference; lastKnownFileType = sourcecode.swift; path = Referee.swift; sourceTree = "<group>"; };
		DAC3132C2858632100BECF89 /* Team.swift */ = {isa = PBXFileReference; lastKnownFileType = sourcecode.swift; path = Team.swift; sourceTree = "<group>"; };
		E50AA65B49ED0EE8AB004841 /* Pods-Game_Walker.release.xcconfig */ = {isa = PBXFileReference; includeInIndex = 1; lastKnownFileType = text.xcconfig; name = "Pods-Game_Walker.release.xcconfig"; path = "Target Support Files/Pods-Game_Walker/Pods-Game_Walker.release.xcconfig"; sourceTree = "<group>"; };
		FC166533285D277F00CABCE9 /* PlayerFrame4_1.swift */ = {isa = PBXFileReference; lastKnownFileType = sourcecode.swift; path = PlayerFrame4_1.swift; sourceTree = "<group>"; };
		FC166535285D279800CABCE9 /* PlayerFrame4_2.swift */ = {isa = PBXFileReference; lastKnownFileType = sourcecode.swift; path = PlayerFrame4_2.swift; sourceTree = "<group>"; };
		FC166537285D27A600CABCE9 /* PlayerFrame4_3.swift */ = {isa = PBXFileReference; lastKnownFileType = sourcecode.swift; path = PlayerFrame4_3.swift; sourceTree = "<group>"; };
		FC2828D4285A93FA009BB87F /* PlayerFrame2.swift */ = {isa = PBXFileReference; lastKnownFileType = sourcecode.swift; path = PlayerFrame2.swift; sourceTree = "<group>"; };
		FC4054AD285BFBC9000DD822 /* PlayerFrame3_1.swift */ = {isa = PBXFileReference; lastKnownFileType = sourcecode.swift; path = PlayerFrame3_1.swift; sourceTree = "<group>"; };
		FC4054AF285BFBED000DD822 /* PlayerFrame3_2.swift */ = {isa = PBXFileReference; lastKnownFileType = sourcecode.swift; path = PlayerFrame3_2.swift; sourceTree = "<group>"; };
		FC507EC5287CF0BD00555AD2 /* BaseViewController.swift */ = {isa = PBXFileReference; lastKnownFileType = sourcecode.swift; path = BaseViewController.swift; sourceTree = "<group>"; };
		FC507EC7287CF19A00555AD2 /* UIViewController+Keyboard.swift */ = {isa = PBXFileReference; lastKnownFileType = sourcecode.swift; path = "UIViewController+Keyboard.swift"; sourceTree = "<group>"; };
		FC5FE0CB285AA7B300446FC2 /* Dosis */ = {isa = PBXFileReference; lastKnownFileType = folder; path = Dosis; sourceTree = "<group>"; };
		FCCE97F8285D4EFB0010D4CB /* IconCollectionViewCell.swift */ = {isa = PBXFileReference; lastKnownFileType = sourcecode.swift; path = IconCollectionViewCell.swift; sourceTree = "<group>"; };
		FCCE97F9285D4EFB0010D4CB /* IconCollectionViewCell.xib */ = {isa = PBXFileReference; lastKnownFileType = file.xib; path = IconCollectionViewCell.xib; sourceTree = "<group>"; };
/* End PBXFileReference section */

/* Begin PBXFrameworksBuildPhase section */
		DA28D789284FF9CE00EA1B94 /* Frameworks */ = {
			isa = PBXFrameworksBuildPhase;
			buildActionMask = 2147483647;
			files = (
				AAF42DF835FA27BAEC58ABD8 /* Pods_Game_Walker.framework in Frameworks */,
			);
			runOnlyForDeploymentPostprocessing = 0;
		};
/* End PBXFrameworksBuildPhase section */

/* Begin PBXGroup section */
		01C5611983B3CB1DBC626A36 /* Frameworks */ = {
			isa = PBXGroup;
			children = (
				37CA2311D7F85B13DD91EAF1 /* Pods_Game_Walker.framework */,
			);
			name = Frameworks;
			sourceTree = "<group>";
		};
		4332FA625A04330489170BE4 /* Pods */ = {
			isa = PBXGroup;
			children = (
				485B23F4821014EF1734A048 /* Pods-Game_Walker.debug.xcconfig */,
				E50AA65B49ED0EE8AB004841 /* Pods-Game_Walker.release.xcconfig */,
			);
			path = Pods;
			sourceTree = "<group>";
		};
		DA28D783284FF9CE00EA1B94 = {
			isa = PBXGroup;
			children = (
				DA28D78E284FF9CE00EA1B94 /* Game_Walker */,
				DA28D78D284FF9CE00EA1B94 /* Products */,
				4332FA625A04330489170BE4 /* Pods */,
				01C5611983B3CB1DBC626A36 /* Frameworks */,
			);
			sourceTree = "<group>";
		};
		DA28D78D284FF9CE00EA1B94 /* Products */ = {
			isa = PBXGroup;
			children = (
				DA28D78C284FF9CE00EA1B94 /* Game_Walker.app */,
			);
			name = Products;
			sourceTree = "<group>";
		};
		DA28D78E284FF9CE00EA1B94 /* Game_Walker */ = {
			isa = PBXGroup;
			children = (
				DA28D78F284FF9CE00EA1B94 /* AppDelegate.swift */,
				DA28D791284FF9CE00EA1B94 /* SceneDelegate.swift */,
				DA9662C2285AFA4700B66629 /* DataUpdateListener.swift */,
				DA28D7A4284FFACA00EA1B94 /* Model */,
				DA28D7A6284FFC9700EA1B94 /* View */,
				DA28D7A3284FFA9A00EA1B94 /* Controllers */,
				DA9662C0285AA39200B66629 /* Constants.swift */,
				DA28D798284FF9D300EA1B94 /* Assets.xcassets */,
				FC5FE0CB285AA7B300446FC2 /* Dosis */,
				DA28D79D284FF9D300EA1B94 /* Info.plist */,
				DA13EB8A2858086A00368CF8 /* GoogleService-Info.plist */,
			);
			path = Game_Walker;
			sourceTree = "<group>";
		};
		DA28D7A3284FFA9A00EA1B94 /* Controllers */ = {
			isa = PBXGroup;
			children = (
				DA28D793284FF9CE00EA1B94 /* MainViewController.swift */,
				FC507EC5287CF0BD00555AD2 /* BaseViewController.swift */,
				FC507EC7287CF19A00555AD2 /* UIViewController+Keyboard.swift */,
				DA28D7B3284FFEDE00EA1B94 /* PlayerViewControllers */,
				DA28D7B4284FFEF100EA1B94 /* RefereeViewControllers */,
				DABC1E7D286ADBDF00C75DC7 /* HostViewControllers */,
			);
			name = Controllers;
			sourceTree = "<group>";
		};
		DA28D7A4284FFACA00EA1B94 /* Model */ = {
			isa = PBXGroup;
			children = (
				DA13EB88285806DD00368CF8 /* Host.swift */,
				DAC3132C2858632100BECF89 /* Team.swift */,
				DAC313262858619900BECF89 /* Player.swift */,
				DAC3132A285862FB00BECF89 /* Referee.swift */,
				DAC31328285862EF00BECF89 /* Station.swift */,
			);
			name = Model;
			sourceTree = "<group>";
		};
		DA28D7A6284FFC9700EA1B94 /* View */ = {
			isa = PBXGroup;
			children = (
				DA28D79A284FF9D300EA1B94 /* LaunchScreen.storyboard */,
				DA28D795284FF9CE00EA1B94 /* Main.storyboard */,
				DA28D7A7284FFD4400EA1B94 /* Player.storyboard */,
				DA28D7A9284FFD6100EA1B94 /* Referee.storyboard */,
				DA28D7AB284FFD9500EA1B94 /* Host.storyboard */,
				FCCE97F9285D4EFB0010D4CB /* IconCollectionViewCell.xib */,
			);
			name = View;
			sourceTree = "<group>";
		};
		DA28D7B3284FFEDE00EA1B94 /* PlayerViewControllers */ = {
			isa = PBXGroup;
			children = (
				DA28D7AD284FFE9900EA1B94 /* PlayerFrame1.swift */,
				FC2828D4285A93FA009BB87F /* PlayerFrame2.swift */,
				FC4054AD285BFBC9000DD822 /* PlayerFrame3_1.swift */,
				FCCE97F8285D4EFB0010D4CB /* IconCollectionViewCell.swift */,
				FC4054AF285BFBED000DD822 /* PlayerFrame3_2.swift */,
				FC166533285D277F00CABCE9 /* PlayerFrame4_1.swift */,
				FC166535285D279800CABCE9 /* PlayerFrame4_2.swift */,
				FC166537285D27A600CABCE9 /* PlayerFrame4_3.swift */,
			);
			path = PlayerViewControllers;
			sourceTree = "<group>";
		};
		DA28D7B4284FFEF100EA1B94 /* RefereeViewControllers */ = {
			isa = PBXGroup;
			children = (
				DA28D7AF284FFEB400EA1B94 /* RefereeFrame1.swift */,
				6106B9612883EFB900BA3BB2 /* RefereeFrame2_1.swift */,
				6106B9652883EFD000BA3BB2 /* RefereeFrame2_2.swift */,
				6106B9662883EFD000BA3BB2 /* RefereeFrame3_1.swift */,
				6106B9642883EFD000BA3BB2 /* RefereeFrame3_2.swift */,
				6106B9632883EFD000BA3BB2 /* RefereeFrame3_3.swift */,
			);
			path = RefereeViewControllers;
			sourceTree = "<group>";
		};
		DABC1E7D286ADBDF00C75DC7 /* HostViewControllers */ = {
			isa = PBXGroup;
			children = (
				DABC1E7B286ADBD300C75DC7 /* HostFrame1.swift */,
				A1D8CAC628812201005CCE0E /* HostStationsViewController.swift */,
				A1E3DDB42880F506008D7060 /* GameManagerViewController.swift */,
				A1E3DDB62880F5D6008D7060 /* GameManagerCollectionViewCell.swift */,
				A1E3DDB22880EFC1008D7060 /* GameManagerCollectionViewCell.xib */,
				A1D8CAC028811EEF005CCE0E /* StationTableViewCell.swift */,
				A1D8CAC128811EEF005CCE0E /* StationTableViewCell.xib */,
			);
			name = HostViewControllers;
			sourceTree = "<group>";
		};
/* End PBXGroup section */

/* Begin PBXNativeTarget section */
		DA28D78B284FF9CE00EA1B94 /* Game_Walker */ = {
			isa = PBXNativeTarget;
			buildConfigurationList = DA28D7A0284FF9D300EA1B94 /* Build configuration list for PBXNativeTarget "Game_Walker" */;
			buildPhases = (
				810C2B6F436D4C32651D4DE5 /* [CP] Check Pods Manifest.lock */,
				DA28D788284FF9CE00EA1B94 /* Sources */,
				DA28D789284FF9CE00EA1B94 /* Frameworks */,
				DA28D78A284FF9CE00EA1B94 /* Resources */,
				ED1E7E4756761D2BE38CAC5F /* [CP] Embed Pods Frameworks */,
			);
			buildRules = (
			);
			dependencies = (
			);
			name = Game_Walker;
			productName = Game_Walker;
			productReference = DA28D78C284FF9CE00EA1B94 /* Game_Walker.app */;
			productType = "com.apple.product-type.application";
		};
/* End PBXNativeTarget section */

/* Begin PBXProject section */
		DA28D784284FF9CE00EA1B94 /* Project object */ = {
			isa = PBXProject;
			attributes = {
				BuildIndependentTargetsInParallel = 1;
				LastSwiftUpdateCheck = 1340;
				LastUpgradeCheck = 1340;
				TargetAttributes = {
					DA28D78B284FF9CE00EA1B94 = {
						CreatedOnToolsVersion = 13.4.1;
					};
				};
			};
			buildConfigurationList = DA28D787284FF9CE00EA1B94 /* Build configuration list for PBXProject "Game_Walker" */;
			compatibilityVersion = "Xcode 13.0";
			developmentRegion = en;
			hasScannedForEncodings = 0;
			knownRegions = (
				en,
				Base,
			);
			mainGroup = DA28D783284FF9CE00EA1B94;
			productRefGroup = DA28D78D284FF9CE00EA1B94 /* Products */;
			projectDirPath = "";
			projectRoot = "";
			targets = (
				DA28D78B284FF9CE00EA1B94 /* Game_Walker */,
			);
		};
/* End PBXProject section */

/* Begin PBXResourcesBuildPhase section */
		DA28D78A284FF9CE00EA1B94 /* Resources */ = {
			isa = PBXResourcesBuildPhase;
			buildActionMask = 2147483647;
			files = (
				FCCE97FB285D4EFB0010D4CB /* IconCollectionViewCell.xib in Resources */,
				A1D8CAC328811EEF005CCE0E /* StationTableViewCell.xib in Resources */,
				DA28D79C284FF9D300EA1B94 /* LaunchScreen.storyboard in Resources */,
				DA13EB8B2858086A00368CF8 /* GoogleService-Info.plist in Resources */,
				DA28D7AA284FFD6100EA1B94 /* Referee.storyboard in Resources */,
				DA28D7A8284FFD4400EA1B94 /* Player.storyboard in Resources */,
				DA28D799284FF9D300EA1B94 /* Assets.xcassets in Resources */,
				DA28D7AC284FFD9500EA1B94 /* Host.storyboard in Resources */,
				A1E3DDB32880EFC1008D7060 /* GameManagerCollectionViewCell.xib in Resources */,
				DA28D797284FF9CE00EA1B94 /* Main.storyboard in Resources */,
			);
			runOnlyForDeploymentPostprocessing = 0;
		};
/* End PBXResourcesBuildPhase section */

/* Begin PBXShellScriptBuildPhase section */
		810C2B6F436D4C32651D4DE5 /* [CP] Check Pods Manifest.lock */ = {
			isa = PBXShellScriptBuildPhase;
			buildActionMask = 2147483647;
			files = (
			);
			inputFileListPaths = (
			);
			inputPaths = (
				"${PODS_PODFILE_DIR_PATH}/Podfile.lock",
				"${PODS_ROOT}/Manifest.lock",
			);
			name = "[CP] Check Pods Manifest.lock";
			outputFileListPaths = (
			);
			outputPaths = (
				"$(DERIVED_FILE_DIR)/Pods-Game_Walker-checkManifestLockResult.txt",
			);
			runOnlyForDeploymentPostprocessing = 0;
			shellPath = /bin/sh;
			shellScript = "diff \"${PODS_PODFILE_DIR_PATH}/Podfile.lock\" \"${PODS_ROOT}/Manifest.lock\" > /dev/null\nif [ $? != 0 ] ; then\n    # print error to STDERR\n    echo \"error: The sandbox is not in sync with the Podfile.lock. Run 'pod install' or update your CocoaPods installation.\" >&2\n    exit 1\nfi\n# This output is used by Xcode 'outputs' to avoid re-running this script phase.\necho \"SUCCESS\" > \"${SCRIPT_OUTPUT_FILE_0}\"\n";
			showEnvVarsInLog = 0;
		};
		ED1E7E4756761D2BE38CAC5F /* [CP] Embed Pods Frameworks */ = {
			isa = PBXShellScriptBuildPhase;
			buildActionMask = 2147483647;
			files = (
			);
			inputFileListPaths = (
				"${PODS_ROOT}/Target Support Files/Pods-Game_Walker/Pods-Game_Walker-frameworks-${CONFIGURATION}-input-files.xcfilelist",
			);
			name = "[CP] Embed Pods Frameworks";
			outputFileListPaths = (
				"${PODS_ROOT}/Target Support Files/Pods-Game_Walker/Pods-Game_Walker-frameworks-${CONFIGURATION}-output-files.xcfilelist",
			);
			runOnlyForDeploymentPostprocessing = 0;
			shellPath = /bin/sh;
			shellScript = "\"${PODS_ROOT}/Target Support Files/Pods-Game_Walker/Pods-Game_Walker-frameworks.sh\"\n";
			showEnvVarsInLog = 0;
		};
/* End PBXShellScriptBuildPhase section */

/* Begin PBXSourcesBuildPhase section */
		DA28D788284FF9CE00EA1B94 /* Sources */ = {
			isa = PBXSourcesBuildPhase;
			buildActionMask = 2147483647;
			files = (
				FC507EC8287CF19A00555AD2 /* UIViewController+Keyboard.swift in Sources */,
				DA9662C3285AFA4700B66629 /* DataUpdateListener.swift in Sources */,
				6106B9692883EFD000BA3BB2 /* RefereeFrame2_2.swift in Sources */,
				DA28D794284FF9CE00EA1B94 /* MainViewController.swift in Sources */,
				A1D8CAC728812201005CCE0E /* HostStationsViewController.swift in Sources */,
				DAC31329285862EF00BECF89 /* Station.swift in Sources */,
				DA28D790284FF9CE00EA1B94 /* AppDelegate.swift in Sources */,
				FCCE97FA285D4EFB0010D4CB /* IconCollectionViewCell.swift in Sources */,
				FC2828D5285A93FA009BB87F /* PlayerFrame2.swift in Sources */,
				6106B96A2883EFD000BA3BB2 /* RefereeFrame3_1.swift in Sources */,
				DA13EB89285806DD00368CF8 /* Host.swift in Sources */,
				A1E3DDB52880F506008D7060 /* GameManagerViewController.swift in Sources */,
				6106B9672883EFD000BA3BB2 /* RefereeFrame3_3.swift in Sources */,
				FC166534285D277F00CABCE9 /* PlayerFrame4_1.swift in Sources */,
				DA28D7AE284FFE9900EA1B94 /* PlayerFrame1.swift in Sources */,
				6106B9622883EFB900BA3BB2 /* RefereeFrame2_1.swift in Sources */,
				A1E3DDB72880F5D6008D7060 /* GameManagerCollectionViewCell.swift in Sources */,
				FC4054B0285BFBED000DD822 /* PlayerFrame3_2.swift in Sources */,
				DAC313272858619900BECF89 /* Player.swift in Sources */,
				DAC3132B285862FB00BECF89 /* Referee.swift in Sources */,
				FC507EC6287CF0BD00555AD2 /* BaseViewController.swift in Sources */,
				FC4054AE285BFBC9000DD822 /* PlayerFrame3_1.swift in Sources */,
				DA28D792284FF9CE00EA1B94 /* SceneDelegate.swift in Sources */,
				6106B9682883EFD000BA3BB2 /* RefereeFrame3_2.swift in Sources */,
				DAC3132D2858632100BECF89 /* Team.swift in Sources */,
				DA28D7B0284FFEB400EA1B94 /* RefereeFrame1.swift in Sources */,
				FC166538285D27A600CABCE9 /* PlayerFrame4_3.swift in Sources */,
				DABC1E7C286ADBD300C75DC7 /* HostFrame1.swift in Sources */,
				FC166536285D279800CABCE9 /* PlayerFrame4_2.swift in Sources */,
				DA9662C1285AA39200B66629 /* Constants.swift in Sources */,
				A1D8CAC228811EEF005CCE0E /* StationTableViewCell.swift in Sources */,
			);
			runOnlyForDeploymentPostprocessing = 0;
		};
/* End PBXSourcesBuildPhase section */

/* Begin PBXVariantGroup section */
		DA28D795284FF9CE00EA1B94 /* Main.storyboard */ = {
			isa = PBXVariantGroup;
			children = (
				DA28D796284FF9CE00EA1B94 /* Base */,
			);
			name = Main.storyboard;
			sourceTree = "<group>";
		};
		DA28D79A284FF9D300EA1B94 /* LaunchScreen.storyboard */ = {
			isa = PBXVariantGroup;
			children = (
				DA28D79B284FF9D300EA1B94 /* Base */,
			);
			name = LaunchScreen.storyboard;
			sourceTree = "<group>";
		};
/* End PBXVariantGroup section */

/* Begin XCBuildConfiguration section */
		DA28D79E284FF9D300EA1B94 /* Debug */ = {
			isa = XCBuildConfiguration;
			buildSettings = {
				ALWAYS_SEARCH_USER_PATHS = NO;
				CLANG_ANALYZER_NONNULL = YES;
				CLANG_ANALYZER_NUMBER_OBJECT_CONVERSION = YES_AGGRESSIVE;
				CLANG_CXX_LANGUAGE_STANDARD = "gnu++17";
				CLANG_ENABLE_MODULES = YES;
				CLANG_ENABLE_OBJC_ARC = YES;
				CLANG_ENABLE_OBJC_WEAK = YES;
				CLANG_WARN_BLOCK_CAPTURE_AUTORELEASING = YES;
				CLANG_WARN_BOOL_CONVERSION = YES;
				CLANG_WARN_COMMA = YES;
				CLANG_WARN_CONSTANT_CONVERSION = YES;
				CLANG_WARN_DEPRECATED_OBJC_IMPLEMENTATIONS = YES;
				CLANG_WARN_DIRECT_OBJC_ISA_USAGE = YES_ERROR;
				CLANG_WARN_DOCUMENTATION_COMMENTS = YES;
				CLANG_WARN_EMPTY_BODY = YES;
				CLANG_WARN_ENUM_CONVERSION = YES;
				CLANG_WARN_INFINITE_RECURSION = YES;
				CLANG_WARN_INT_CONVERSION = YES;
				CLANG_WARN_NON_LITERAL_NULL_CONVERSION = YES;
				CLANG_WARN_OBJC_IMPLICIT_RETAIN_SELF = YES;
				CLANG_WARN_OBJC_LITERAL_CONVERSION = YES;
				CLANG_WARN_OBJC_ROOT_CLASS = YES_ERROR;
				CLANG_WARN_QUOTED_INCLUDE_IN_FRAMEWORK_HEADER = YES;
				CLANG_WARN_RANGE_LOOP_ANALYSIS = YES;
				CLANG_WARN_STRICT_PROTOTYPES = YES;
				CLANG_WARN_SUSPICIOUS_MOVE = YES;
				CLANG_WARN_UNGUARDED_AVAILABILITY = YES_AGGRESSIVE;
				CLANG_WARN_UNREACHABLE_CODE = YES;
				CLANG_WARN__DUPLICATE_METHOD_MATCH = YES;
				COPY_PHASE_STRIP = NO;
				DEBUG_INFORMATION_FORMAT = dwarf;
				ENABLE_STRICT_OBJC_MSGSEND = YES;
				ENABLE_TESTABILITY = YES;
				GCC_C_LANGUAGE_STANDARD = gnu11;
				GCC_DYNAMIC_NO_PIC = NO;
				GCC_NO_COMMON_BLOCKS = YES;
				GCC_OPTIMIZATION_LEVEL = 0;
				GCC_PREPROCESSOR_DEFINITIONS = (
					"DEBUG=1",
					"$(inherited)",
				);
				GCC_WARN_64_TO_32_BIT_CONVERSION = YES;
				GCC_WARN_ABOUT_RETURN_TYPE = YES_ERROR;
				GCC_WARN_UNDECLARED_SELECTOR = YES;
				GCC_WARN_UNINITIALIZED_AUTOS = YES_AGGRESSIVE;
				GCC_WARN_UNUSED_FUNCTION = YES;
				GCC_WARN_UNUSED_VARIABLE = YES;
				IPHONEOS_DEPLOYMENT_TARGET = 15.5;
				MTL_ENABLE_DEBUG_INFO = INCLUDE_SOURCE;
				MTL_FAST_MATH = YES;
				ONLY_ACTIVE_ARCH = YES;
				SDKROOT = iphoneos;
				SWIFT_ACTIVE_COMPILATION_CONDITIONS = DEBUG;
				SWIFT_OPTIMIZATION_LEVEL = "-Onone";
			};
			name = Debug;
		};
		DA28D79F284FF9D300EA1B94 /* Release */ = {
			isa = XCBuildConfiguration;
			buildSettings = {
				ALWAYS_SEARCH_USER_PATHS = NO;
				CLANG_ANALYZER_NONNULL = YES;
				CLANG_ANALYZER_NUMBER_OBJECT_CONVERSION = YES_AGGRESSIVE;
				CLANG_CXX_LANGUAGE_STANDARD = "gnu++17";
				CLANG_ENABLE_MODULES = YES;
				CLANG_ENABLE_OBJC_ARC = YES;
				CLANG_ENABLE_OBJC_WEAK = YES;
				CLANG_WARN_BLOCK_CAPTURE_AUTORELEASING = YES;
				CLANG_WARN_BOOL_CONVERSION = YES;
				CLANG_WARN_COMMA = YES;
				CLANG_WARN_CONSTANT_CONVERSION = YES;
				CLANG_WARN_DEPRECATED_OBJC_IMPLEMENTATIONS = YES;
				CLANG_WARN_DIRECT_OBJC_ISA_USAGE = YES_ERROR;
				CLANG_WARN_DOCUMENTATION_COMMENTS = YES;
				CLANG_WARN_EMPTY_BODY = YES;
				CLANG_WARN_ENUM_CONVERSION = YES;
				CLANG_WARN_INFINITE_RECURSION = YES;
				CLANG_WARN_INT_CONVERSION = YES;
				CLANG_WARN_NON_LITERAL_NULL_CONVERSION = YES;
				CLANG_WARN_OBJC_IMPLICIT_RETAIN_SELF = YES;
				CLANG_WARN_OBJC_LITERAL_CONVERSION = YES;
				CLANG_WARN_OBJC_ROOT_CLASS = YES_ERROR;
				CLANG_WARN_QUOTED_INCLUDE_IN_FRAMEWORK_HEADER = YES;
				CLANG_WARN_RANGE_LOOP_ANALYSIS = YES;
				CLANG_WARN_STRICT_PROTOTYPES = YES;
				CLANG_WARN_SUSPICIOUS_MOVE = YES;
				CLANG_WARN_UNGUARDED_AVAILABILITY = YES_AGGRESSIVE;
				CLANG_WARN_UNREACHABLE_CODE = YES;
				CLANG_WARN__DUPLICATE_METHOD_MATCH = YES;
				COPY_PHASE_STRIP = NO;
				DEBUG_INFORMATION_FORMAT = "dwarf-with-dsym";
				ENABLE_NS_ASSERTIONS = NO;
				ENABLE_STRICT_OBJC_MSGSEND = YES;
				GCC_C_LANGUAGE_STANDARD = gnu11;
				GCC_NO_COMMON_BLOCKS = YES;
				GCC_WARN_64_TO_32_BIT_CONVERSION = YES;
				GCC_WARN_ABOUT_RETURN_TYPE = YES_ERROR;
				GCC_WARN_UNDECLARED_SELECTOR = YES;
				GCC_WARN_UNINITIALIZED_AUTOS = YES_AGGRESSIVE;
				GCC_WARN_UNUSED_FUNCTION = YES;
				GCC_WARN_UNUSED_VARIABLE = YES;
				IPHONEOS_DEPLOYMENT_TARGET = 15.5;
				MTL_ENABLE_DEBUG_INFO = NO;
				MTL_FAST_MATH = YES;
				SDKROOT = iphoneos;
				SWIFT_COMPILATION_MODE = wholemodule;
				SWIFT_OPTIMIZATION_LEVEL = "-O";
				VALIDATE_PRODUCT = YES;
			};
			name = Release;
		};
		DA28D7A1284FF9D300EA1B94 /* Debug */ = {
			isa = XCBuildConfiguration;
			baseConfigurationReference = 485B23F4821014EF1734A048 /* Pods-Game_Walker.debug.xcconfig */;
			buildSettings = {
				ASSETCATALOG_COMPILER_APPICON_NAME = AppIcon;
				ASSETCATALOG_COMPILER_GLOBAL_ACCENT_COLOR_NAME = AccentColor;
				CODE_SIGN_STYLE = Automatic;
				CURRENT_PROJECT_VERSION = 1;
				DEVELOPMENT_TEAM = 8WZS33QTKD;
				GENERATE_INFOPLIST_FILE = YES;
				INFOPLIST_FILE = Game_Walker/Info.plist;
				INFOPLIST_KEY_UIApplicationSupportsIndirectInputEvents = YES;
				INFOPLIST_KEY_UILaunchStoryboardName = LaunchScreen;
				INFOPLIST_KEY_UIMainStoryboardFile = Main;
				INFOPLIST_KEY_UISupportedInterfaceOrientations = UIInterfaceOrientationPortrait;
				INFOPLIST_KEY_UISupportedInterfaceOrientations_iPad = "UIInterfaceOrientationPortrait UIInterfaceOrientationPortraitUpsideDown UIInterfaceOrientationLandscapeLeft UIInterfaceOrientationLandscapeRight";
				INFOPLIST_KEY_UISupportedInterfaceOrientations_iPhone = "UIInterfaceOrientationPortrait UIInterfaceOrientationLandscapeLeft UIInterfaceOrientationLandscapeRight";
				IPHONEOS_DEPLOYMENT_TARGET = 14.0;
				LD_RUNPATH_SEARCH_PATHS = (
					"$(inherited)",
					"@executable_path/Frameworks",
				);
				MARKETING_VERSION = 1.0;
				PRODUCT_BUNDLE_IDENTIFIER = "com.joyful.Game-Walker3";
				PRODUCT_NAME = "$(TARGET_NAME)";
				SWIFT_EMIT_LOC_STRINGS = YES;
				SWIFT_VERSION = 5.0;
				TARGETED_DEVICE_FAMILY = "1,2";
			};
			name = Debug;
		};
		DA28D7A2284FF9D300EA1B94 /* Release */ = {
			isa = XCBuildConfiguration;
			baseConfigurationReference = E50AA65B49ED0EE8AB004841 /* Pods-Game_Walker.release.xcconfig */;
			buildSettings = {
				ASSETCATALOG_COMPILER_APPICON_NAME = AppIcon;
				ASSETCATALOG_COMPILER_GLOBAL_ACCENT_COLOR_NAME = AccentColor;
				CODE_SIGN_STYLE = Automatic;
				CURRENT_PROJECT_VERSION = 1;
				DEVELOPMENT_TEAM = 8WZS33QTKD;
				GENERATE_INFOPLIST_FILE = YES;
				INFOPLIST_FILE = Game_Walker/Info.plist;
				INFOPLIST_KEY_UIApplicationSupportsIndirectInputEvents = YES;
				INFOPLIST_KEY_UILaunchStoryboardName = LaunchScreen;
				INFOPLIST_KEY_UIMainStoryboardFile = Main;
				INFOPLIST_KEY_UISupportedInterfaceOrientations = UIInterfaceOrientationPortrait;
				INFOPLIST_KEY_UISupportedInterfaceOrientations_iPad = "UIInterfaceOrientationPortrait UIInterfaceOrientationPortraitUpsideDown UIInterfaceOrientationLandscapeLeft UIInterfaceOrientationLandscapeRight";
				INFOPLIST_KEY_UISupportedInterfaceOrientations_iPhone = "UIInterfaceOrientationPortrait UIInterfaceOrientationLandscapeLeft UIInterfaceOrientationLandscapeRight";
				IPHONEOS_DEPLOYMENT_TARGET = 14.0;
				LD_RUNPATH_SEARCH_PATHS = (
					"$(inherited)",
					"@executable_path/Frameworks",
				);
				MARKETING_VERSION = 1.0;
				PRODUCT_BUNDLE_IDENTIFIER = "com.joyful.Game-Walker3";
				PRODUCT_NAME = "$(TARGET_NAME)";
				SWIFT_EMIT_LOC_STRINGS = YES;
				SWIFT_VERSION = 5.0;
				TARGETED_DEVICE_FAMILY = "1,2";
			};
			name = Release;
		};
/* End XCBuildConfiguration section */

/* Begin XCConfigurationList section */
		DA28D787284FF9CE00EA1B94 /* Build configuration list for PBXProject "Game_Walker" */ = {
			isa = XCConfigurationList;
			buildConfigurations = (
				DA28D79E284FF9D300EA1B94 /* Debug */,
				DA28D79F284FF9D300EA1B94 /* Release */,
			);
			defaultConfigurationIsVisible = 0;
			defaultConfigurationName = Release;
		};
		DA28D7A0284FF9D300EA1B94 /* Build configuration list for PBXNativeTarget "Game_Walker" */ = {
			isa = XCConfigurationList;
			buildConfigurations = (
				DA28D7A1284FF9D300EA1B94 /* Debug */,
				DA28D7A2284FF9D300EA1B94 /* Release */,
			);
			defaultConfigurationIsVisible = 0;
			defaultConfigurationName = Release;
		};
/* End XCConfigurationList section */
	};
	rootObject = DA28D784284FF9CE00EA1B94 /* Project object */;
}
